
Microsoft Visual Studio Solution File, Format Version 12.00
# Visual Studio Version 17
VisualStudioVersion = 17.5.33530.505
MinimumVisualStudioVersion = 10.0.40219.1
Project("{2150E333-8FDC-42A3-9474-1A3956D46DE8}") = "src", "src", "{DB34731E-A1FD-4D8C-83CB-3EB87E55AE2F}"
EndProject
Project("{2150E333-8FDC-42A3-9474-1A3956D46DE8}") = "test", "test", "{679C34FD-C09B-425C-982B-DC3C936D15B5}"
EndProject
Project("{FAE04EC0-301F-11D3-BF4B-00C04F79EFBC}") = "Temp.Api", "src\Temp.Api\Temp.Api.csproj", "{3E4284A3-7BDB-4E90-BA51-6ACBA3C2E76C}"
EndProject
Global
	GlobalSection(SolutionConfigurationPlatforms) = preSolution
		Debug|Any CPU = Debug|Any CPU
		Release|Any CPU = Release|Any CPU
	EndGlobalSection
	GlobalSection(ProjectConfigurationPlatforms) = postSolution
		{3E4284A3-7BDB-4E90-BA51-6ACBA3C2E76C}.Debug|Any CPU.ActiveCfg = Debug|Any CPU
		{3E4284A3-7BDB-4E90-BA51-6ACBA3C2E76C}.Debug|Any CPU.Build.0 = Debug|Any CPU
		{3E4284A3-7BDB-4E90-BA51-6ACBA3C2E76C}.Release|Any CPU.ActiveCfg = Release|Any CPU
		{3E4284A3-7BDB-4E90-BA51-6ACBA3C2E76C}.Release|Any CPU.Build.0 = Release|Any CPU
	EndGlobalSection
	GlobalSection(SolutionProperties) = preSolution
		HideSolutionNode = FALSE
	EndGlobalSection
	GlobalSection(NestedProjects) = preSolution
		{3E4284A3-7BDB-4E90-BA51-6ACBA3C2E76C} = {DB34731E-A1FD-4D8C-83CB-3EB87E55AE2F}
	EndGlobalSection
	GlobalSection(ExtensibilityGlobals) = postSolution
		SolutionGuid = {956BEE84-5464-4C26-996D-A254B39DB18C}
	EndGlobalSection
EndGlobal
